
Microsoft Visual Studio Solution File, Format Version 12.00
# Visual Studio Version 16
VisualStudioVersion = 16.0.31205.134
MinimumVisualStudioVersion = 10.0.40219.1
Project("{FAE04EC0-301F-11D3-BF4B-00C04F79EFBC}") = "game2", "game2\game2.csproj", "{3CAB7EB5-E264-4875-B6B6-6E491C924A56}"
EndProject
Global
	GlobalSection(SolutionConfigurationPlatforms) = preSolution
		Debug|Any CPU = Debug|Any CPU
		Release|Any CPU = Release|Any CPU
	EndGlobalSection
	GlobalSection(ProjectConfigurationPlatforms) = postSolution
		{3CAB7EB5-E264-4875-B6B6-6E491C924A56}.Debug|Any CPU.ActiveCfg = Debug|Any CPU
		{3CAB7EB5-E264-4875-B6B6-6E491C924A56}.Debug|Any CPU.Build.0 = Debug|Any CPU
		{3CAB7EB5-E264-4875-B6B6-6E491C924A56}.Release|Any CPU.ActiveCfg = Release|Any CPU
		{3CAB7EB5-E264-4875-B6B6-6E491C924A56}.Release|Any CPU.Build.0 = Release|Any CPU
	EndGlobalSection
	GlobalSection(SolutionProperties) = preSolution
		HideSolutionNode = FALSE
	EndGlobalSection
	GlobalSection(ExtensibilityGlobals) = postSolution
		SolutionGuid = {F0DD517C-73B3-44A1-9B68-26FE35A8DAC1}
	EndGlobalSection
EndGlobal
